
Microsoft Visual Studio Solution File, Format Version 12.00
# Visual Studio Version 17
VisualStudioVersion = 17.10.35027.167
MinimumVisualStudioVersion = 10.0.40219.1
Project("{FAE04EC0-301F-11D3-BF4B-00C04F79EFBC}") = "DiskHacker", "DiskHacker.csproj", "{D9507364-9D01-4EA8-B468-47CEC17B63D4}"
EndProject
Global
	GlobalSection(SolutionConfigurationPlatforms) = preSolution
		Debug|Any CPU = Debug|Any CPU
		Release|Any CPU = Release|Any CPU
	EndGlobalSection
	GlobalSection(ProjectConfigurationPlatforms) = postSolution
		{D9507364-9D01-4EA8-B468-47CEC17B63D4}.Debug|Any CPU.ActiveCfg = Debug|Any CPU
		{D9507364-9D01-4EA8-B468-47CEC17B63D4}.Debug|Any CPU.Build.0 = Debug|Any CPU
		{D9507364-9D01-4EA8-B468-47CEC17B63D4}.Release|Any CPU.ActiveCfg = Release|Any CPU
		{D9507364-9D01-4EA8-B468-47CEC17B63D4}.Release|Any CPU.Build.0 = Release|Any CPU
	EndGlobalSection
	GlobalSection(SolutionProperties) = preSolution
		HideSolutionNode = FALSE
	EndGlobalSection
	GlobalSection(ExtensibilityGlobals) = postSolution
		SolutionGuid = {4FF45563-C8B5-42B8-8F93-759905F3C021}
	EndGlobalSection
EndGlobal
